lockfileVersion: '9.0'

settings:
  autoInstallPeers: true
  excludeLinksFromLockfile: false

importers:

  .:
    dependencies:
      '@mdi/font':
        specifier: 7.4.47
        version: 7.4.47
      material-design-icons-iconfont:
        specifier: ^6.7.0
        version: 6.7.0
      roboto-fontface:
        specifier: '*'
        version: 0.10.0
      vue:
        specifier: ^3.5.12
        version: 3.5.12
      vuetify:
        specifier: ^3.7.4
        version: 3.7.4(vite-plugin-vuetify@1.0.2)(vue@3.5.12)
      webfontloader:
        specifier: ^1.0.0
        version: 1.6.28
    devDependencies:
      '@vitejs/plugin-vue':
        specifier: ^3.1.2
        version: 3.2.0(vite@3.2.11(@types/node@20.2.6)(terser@5.17.7))(vue@3.5.12)
      vite:
        specifier: ^3.2.11
        version: 3.2.11(@types/node@20.2.6)(terser@5.17.7)
      vite-plugin-vuetify:
        specifier: ^1.0.2
        version: 1.0.2(vite@3.2.11(@types/node@20.2.6)(terser@5.17.7))(vue@3.5.12)(vuetify@3.7.4)
      vue-cli-plugin-vuetify:
        specifier: ~2.5.8
        version: 2.5.8(vue@3.5.12)(webpack@5.86.0)

packages:

  '@babel/helper-string-parser@7.24.8':
    resolution: {integrity: sha512-pO9KhhRcuUyGnJWwyEgnRJTSIZHiT+vMD0kPeD+so0l7mxkMT19g3pjY9GTnHySck/hDzq+dtW/4VgnMkippsQ==}
    engines: {node: '>=6.9.0'}

  '@babel/helper-validator-identifier@7.24.7':
    resolution: {integrity: sha512-rR+PBcQ1SMQDDyF6X0wxtG8QyLCgUB0eRAGguqRLfkCA87l7yAP7ehq8SNj96OOGTO8OBV70KhuFYcIkHXOg0w==}
    engines: {node: '>=6.9.0'}

  '@babel/parser@7.25.6':
    resolution: {integrity: sha512-trGdfBdbD0l1ZPmcJ83eNxB9rbEax4ALFTF7fN386TMYbeCQbyme5cOEXQhbGXKebwGaB/J52w1mrklMcbgy6Q==}
    engines: {node: '>=6.0.0'}
    hasBin: true

  '@babel/types@7.25.6':
    resolution: {integrity: sha512-/l42B1qxpG6RdfYf343Uw1vmDjeNhneUXtzhojE7pDgfpEypmRhI6j1kr17XCVv4Cgl9HdAiQY2x0GwKm7rWCw==}
    engines: {node: '>=6.9.0'}

  '@esbuild/android-arm@0.15.12':
    resolution: {integrity: sha512-IC7TqIqiyE0MmvAhWkl/8AEzpOtbhRNDo7aph47We1NbE5w2bt/Q+giAhe0YYeVpYnIhGMcuZY92qDK6dQauvA==}
    engines: {node: '>=12'}
    cpu: [arm]
    os: [android]

  '@esbuild/linux-loong64@0.15.12':
    resolution: {integrity: sha512-tZEowDjvU7O7I04GYvWQOS4yyP9E/7YlsB0jjw1Ycukgr2ycEzKyIk5tms5WnLBymaewc6VmRKnn5IJWgK4eFw==}
    engines: {node: '>=12'}
    cpu: [loong64]
    os: [linux]

  '@jridgewell/gen-mapping@0.3.3':
    resolution: {integrity: sha512-HLhSWOLRi875zjjMG/r+Nv0oCW8umGb0BgEhyX3dDX3egwZtB8PqLnjz3yedt8R5StBrzcg4aBpnh8UA9D1BoQ==}
    engines: {node: '>=6.0.0'}

  '@jridgewell/resolve-uri@3.1.0':
    resolution: {integrity: sha512-F2msla3tad+Mfht5cJq7LSXcdudKTWCVYUgw6pLFOOHSTtZlj6SWNYAp+AhuqLmWdBO2X5hPrLcu8cVP8fy28w==}
    engines: {node: '>=6.0.0'}

  '@jridgewell/set-array@1.1.2':
    resolution: {integrity: sha512-xnkseuNADM0gt2bs+BvhO0p78Mk762YnZdsuzFV018NoG1Sj1SCQvpSqa7XUaTam5vAGasABV9qXASMKnFMwMw==}
    engines: {node: '>=6.0.0'}

  '@jridgewell/source-map@0.3.3':
    resolution: {integrity: sha512-b+fsZXeLYi9fEULmfBrhxn4IrPlINf8fiNarzTof004v3lFdntdwa9PF7vFJqm3mg7s+ScJMxXaE3Acp1irZcg==}

  '@jridgewell/sourcemap-codec@1.4.14':
    resolution: {integrity: sha512-XPSJHWmi394fuUuzDnGz1wiKqWfo1yXecHQMRf2l6hztTO+nPru658AyDngaBe7isIxEkRsPR3FZh+s7iVa4Uw==}

  '@jridgewell/sourcemap-codec@1.5.0':
    resolution: {integrity: sha512-gv3ZRaISU3fjPAgNsriBRqGWQL6quFx04YMPW/zD8XMLsU32mhCCbfbO6KZFLjvYpCZ8zyDEgqsgf+PwPaM7GQ==}

  '@jridgewell/trace-mapping@0.3.18':
    resolution: {integrity: sha512-w+niJYzMHdd7USdiH2U6869nqhD2nbfZXND5Yp93qIbEmnDNk7PD48o+YchRVpzMU7M6jVCbenTR7PA1FLQ9pA==}

  '@mdi/font@7.4.47':
    resolution: {integrity: sha512-43MtGpd585SNzHZPcYowu/84Vz2a2g31TvPMTm9uTiCSWzaheQySUcSyUH/46fPnuPQWof2yd0pGBtzee/IQWw==}

  '@types/eslint-scope@3.7.4':
    resolution: {integrity: sha512-9K4zoImiZc3HlIp6AVUDE4CWYx22a+lhSZMYNpbjW04+YF0KWj4pJXnEMjdnFTiQibFFmElcsasJXDbdI/EPhA==}

  '@types/eslint@8.40.1':
    resolution: {integrity: sha512-vRb792M4mF1FBT+eoLecmkpLXwxsBHvWWRGJjzbYANBM6DtiJc6yETyv4rqDA6QNjF1pkj1U7LMA6dGb3VYlHw==}

  '@types/estree@1.0.1':
    resolution: {integrity: sha512-LG4opVs2ANWZ1TJoKc937iMmNstM/d0ae1vNbnBvBhqCSezgVUOzcLCqbI5elV8Vy6WKwKjaqR+zO9VKirBBCA==}

  '@types/json-schema@7.0.11':
    resolution: {integrity: sha512-wOuvG1SN4Us4rez+tylwwwCV1psiNVOkJeM3AUWUNWg/jDQY2+HE/444y5gc+jBmRqASOm2Oeh5c1axHobwRKQ==}

  '@types/node@20.2.6':
    resolution: {integrity: sha512-GQBWUtGoefMEOx/vu+emHEHU5aw6JdDoEtZhoBrHFPZbA/YNRFfN996XbBASEWdvmLSLyv9FKYppYGyZjCaq/g==}

  '@vitejs/plugin-vue@3.2.0':
    resolution: {integrity: sha512-E0tnaL4fr+qkdCNxJ+Xd0yM31UwMkQje76fsDVBBUCoGOUPexu2VDUYHL8P4CwV+zMvWw6nlRw19OnRKmYAJpw==}
    engines: {node: ^14.18.0 || >=16.0.0}
    peerDependencies:
      vite: ^3.0.0
      vue: ^3.2.25

  '@vue/compiler-core@3.5.12':
    resolution: {integrity: sha512-ISyBTRMmMYagUxhcpyEH0hpXRd/KqDU4ymofPgl2XAkY9ZhQ+h0ovEZJIiPop13UmR/54oA2cgMDjgroRelaEw==}

  '@vue/compiler-dom@3.5.12':
    resolution: {integrity: sha512-9G6PbJ03uwxLHKQ3P42cMTi85lDRvGLB2rSGOiQqtXELat6uI4n8cNz9yjfVHRPIu+MsK6TE418Giruvgptckg==}

  '@vue/compiler-sfc@3.5.12':
    resolution: {integrity: sha512-2k973OGo2JuAa5+ZlekuQJtitI5CgLMOwgl94BzMCsKZCX/xiqzJYzapl4opFogKHqwJk34vfsaKpfEhd1k5nw==}

  '@vue/compiler-ssr@3.5.12':
    resolution: {integrity: sha512-eLwc7v6bfGBSM7wZOGPmRavSWzNFF6+PdRhE+VFJhNCgHiF8AM7ccoqcv5kBXA2eWUfigD7byekvf/JsOfKvPA==}

  '@vue/reactivity@3.5.12':
    resolution: {integrity: sha512-UzaN3Da7xnJXdz4Okb/BGbAaomRHc3RdoWqTzlvd9+WBR5m3J39J1fGcHes7U3za0ruYn/iYy/a1euhMEHvTAg==}

  '@vue/runtime-core@3.5.12':
    resolution: {integrity: sha512-hrMUYV6tpocr3TL3Ad8DqxOdpDe4zuQY4HPY3X/VRh+L2myQO8MFXPAMarIOSGNu0bFAjh1yBkMPXZBqCk62Uw==}

  '@vue/runtime-dom@3.5.12':
    resolution: {integrity: sha512-q8VFxR9A2MRfBr6/55Q3umyoN7ya836FzRXajPB6/Vvuv0zOPL+qltd9rIMzG/DbRLAIlREmnLsplEF/kotXKA==}

  '@vue/server-renderer@3.5.12':
    resolution: {integrity: sha512-I3QoeDDeEPZm8yR28JtY+rk880Oqmj43hreIBVTicisFTx/Dl7JpG72g/X7YF8hnQD3IFhkky5i2bPonwrTVPg==}
    peerDependencies:
      vue: 3.5.12

  '@vue/shared@3.5.12':
    resolution: {integrity: sha512-L2RPSAwUFbgZH20etwrXyVyCBu9OxRSi8T/38QsvnkJyvq2LufW2lDCOzm7t/U9C1mkhJGWYfCuFBCmIuNivrg==}

  '@vuetify/loader-shared@1.7.1':
    resolution: {integrity: sha512-kLUvuAed6RCvkeeTNJzuy14pqnkur8lTuner7v7pNE/kVhPR97TuyXwBSBMR1cJeiLiOfu6SF5XlCYbXByEx1g==}
    peerDependencies:
      vue: ^3.0.0
      vuetify: ^3.0.0-beta.4

  '@webassemblyjs/ast@1.11.6':
    resolution: {integrity: sha512-IN1xI7PwOvLPgjcf180gC1bqn3q/QaOCwYUahIOhbYUu8KA/3tw2RT/T0Gidi1l7Hhj5D/INhJxiICObqpMu4Q==}

  '@webassemblyjs/floating-point-hex-parser@1.11.6':
    resolution: {integrity: sha512-ejAj9hfRJ2XMsNHk/v6Fu2dGS+i4UaXBXGemOfQ/JfQ6mdQg/WXtwleQRLLS4OvfDhv8rYnVwH27YJLMyYsxhw==}

  '@webassemblyjs/helper-api-error@1.11.6':
    resolution: {integrity: sha512-o0YkoP4pVu4rN8aTJgAyj9hC2Sv5UlkzCHhxqWj8butaLvnpdc2jOwh4ewE6CX0txSfLn/UYaV/pheS2Txg//Q==}

  '@webassemblyjs/helper-buffer@1.11.6':
    resolution: {integrity: sha512-z3nFzdcp1mb8nEOFFk8DrYLpHvhKC3grJD2ardfKOzmbmJvEf/tPIqCY+sNcwZIY8ZD7IkB2l7/pqhUhqm7hLA==}

  '@webassemblyjs/helper-numbers@1.11.6':
    resolution: {integrity: sha512-vUIhZ8LZoIWHBohiEObxVm6hwP034jwmc9kuq5GdHZH0wiLVLIPcMCdpJzG4C11cHoQ25TFIQj9kaVADVX7N3g==}

  '@webassemblyjs/helper-wasm-bytecode@1.11.6':
    resolution: {integrity: sha512-sFFHKwcmBprO9e7Icf0+gddyWYDViL8bpPjJJl0WHxCdETktXdmtWLGVzoHbqUcY4Be1LkNfwTmXOJUFZYSJdA==}

  '@webassemblyjs/helper-wasm-section@1.11.6':
    resolution: {integrity: sha512-LPpZbSOwTpEC2cgn4hTydySy1Ke+XEu+ETXuoyvuyezHO3Kjdu90KK95Sh9xTbmjrCsUwvWwCOQQNta37VrS9g==}

  '@webassemblyjs/ieee754@1.11.6':
    resolution: {integrity: sha512-LM4p2csPNvbij6U1f19v6WR56QZ8JcHg3QIJTlSwzFcmx6WSORicYj6I63f9yU1kEUtrpG+kjkiIAkevHpDXrg==}

  '@webassemblyjs/leb128@1.11.6':
    resolution: {integrity: sha512-m7a0FhE67DQXgouf1tbN5XQcdWoNgaAuoULHIfGFIEVKA6tu/edls6XnIlkmS6FrXAquJRPni3ZZKjw6FSPjPQ==}

  '@webassemblyjs/utf8@1.11.6':
    resolution: {integrity: sha512-vtXf2wTQ3+up9Zsg8sa2yWiQpzSsMyXj0qViVP6xKGCUT8p8YJ6HqI7l5eCnWx1T/FYdsv07HQs2wTFbbof/RA==}

  '@webassemblyjs/wasm-edit@1.11.6':
    resolution: {integrity: sha512-Ybn2I6fnfIGuCR+Faaz7YcvtBKxvoLV3Lebn1tM4o/IAJzmi9AWYIPWpyBfU8cC+JxAO57bk4+zdsTjJR+VTOw==}

  '@webassemblyjs/wasm-gen@1.11.6':
    resolution: {integrity: sha512-3XOqkZP/y6B4F0PBAXvI1/bky7GryoogUtfwExeP/v7Nzwo1QLcq5oQmpKlftZLbT+ERUOAZVQjuNVak6UXjPA==}

  '@webassemblyjs/wasm-opt@1.11.6':
    resolution: {integrity: sha512-cOrKuLRE7PCe6AsOVl7WasYf3wbSo4CeOk6PkrjS7g57MFfVUF9u6ysQBBODX0LdgSvQqRiGz3CXvIDKcPNy4g==}

  '@webassemblyjs/wasm-parser@1.11.6':
    resolution: {integrity: sha512-6ZwPeGzMJM3Dqp3hCsLgESxBGtT/OeCvCZ4TA1JUPYgmhAx38tTPR9JaKy0S5H3evQpO/h2uWs2j6Yc/fjkpTQ==}

  '@webassemblyjs/wast-printer@1.11.6':
    resolution: {integrity: sha512-JM7AhRcE+yW2GWYaKeHL5vt4xqee5N2WcezptmgyhNS+ScggqcT1OtXykhAb13Sn5Yas0j2uv9tHgrjwvzAP4A==}

  '@xtuc/ieee754@1.2.0':
    resolution: {integrity: sha512-DX8nKgqcGwsc0eJSqYt5lwP4DH5FlHnmuWWBRy7X0NcaGR0ZtuyeESgMwTYVEtxmsNGY+qit4QYT/MIYTOTPeA==}

  '@xtuc/long@4.2.2':
    resolution: {integrity: sha512-NuHqBY1PB/D8xU6s/thBgOAiAP7HOYDQ32+BFZILJ8ivkUkAHQnWfn6WhL79Owj1qmUnoN/YPhktdIoucipkAQ==}

  acorn-import-assertions@1.9.0:
    resolution: {integrity: sha512-cmMwop9x+8KFhxvKrKfPYmN6/pKTYYHBqLa0DfvVZcKMJWNyWLnaqND7dx/qn66R7ewM1UX5XMaDVP5wlVTaVA==}
    deprecated: package has been renamed to acorn-import-attributes
    peerDependencies:
      acorn: ^8

  acorn@8.8.2:
    resolution: {integrity: sha512-xjIYgE8HBrkpd/sJqOGNspf8uHG+NOHGOw6a/Urj8taM2EXfdNAH2oFcPeIFfsv3+kz/mJrS5VuMqbNLjCa2vw==}
    engines: {node: '>=0.4.0'}
    hasBin: true

  ajv-keywords@3.5.2:
    resolution: {integrity: sha512-5p6WTN0DdTGVQk6VjcEju19IgaHudalcfabD7yhDGeA6bcQnmL+CpveLJq/3hvfwd1aof6L386Ougkx6RfyMIQ==}
    peerDependencies:
      ajv: ^6.9.1

  ajv@6.12.6:
    resolution: {integrity: sha512-j3fVLgvTo527anyYyJOGTYJbG+vnnQYvE0m5mmkc1TK+nxAppkCLMIL0aZ4dblVCNoGShhm+kzE4ZUykBoMg4g==}

  balanced-match@1.0.2:
    resolution: {integrity: sha512-3oSeUO0TMV67hN1AmbXsK4yaqU7tjiHlbxRDZOpH0KW9+CeX4bRAaX0Anxt0tx2MrpRpWwQaPwIlISEJhYU5Pw==}

  big.js@5.2.2:
    resolution: {integrity: sha512-vyL2OymJxmarO8gxMr0mhChsO9QGwhynfuu4+MHTAW6czfq9humCB7rKpUjDd9YUiDPU4mzpyupFSvOClAwbmQ==}

  brace-expansion@1.1.11:
    resolution: {integrity: sha512-iCuPHDFgrHX7H2vEI/5xpz07zSHB00TpugqhmYtVmMO6518mCuRMoOYFldEBl0g187ufozdaHgWKcYFb61qGiA==}

  browserslist@4.21.7:
    resolution: {integrity: sha512-BauCXrQ7I2ftSqd2mvKHGo85XR0u7Ru3C/Hxsy/0TkfCtjrmAbPdzLGasmoiBxplpDXlPvdjX9u7srIMfgasNA==}
    engines: {node: ^6 || ^7 || ^8 || ^9 || ^10 || ^11 || ^12 || >=13.7}
    hasBin: true

  buffer-from@1.1.2:
    resolution: {integrity: sha512-E+XQCRwSbaaiChtv6k6Dwgc+bx+Bs6vuKJHHl5kox/BaKbhiXzqQOwK4cO22yElGp2OCmjwVhT3HmxgyPGnJfQ==}

  caniuse-lite@1.0.30001498:
    resolution: {integrity: sha512-LFInN2zAwx3ANrGCDZ5AKKJroHqNKyjXitdV5zRIVIaQlXKj3GmxUKagoKsjqUfckpAObPCEWnk5EeMlyMWcgw==}

  chrome-trace-event@1.0.3:
    resolution: {integrity: sha512-p3KULyQg4S7NIHixdwbGX+nFHkoBiA4YQmyWtjb8XngSKV124nJmRysgAeujbUVb15vh+RvFUfCPqU7rXk+hZg==}
    engines: {node: '>=6.0'}

  commander@2.20.3:
    resolution: {integrity: sha512-GpVkmM8vF2vQUkj2LvZmD35JxeJOLCwJ9cUkugyk2nuhbv3+mJvpLYYt+0+USMxE+oj+ey/lJEnhZw75x/OMcQ==}

  commondir@1.0.1:
    resolution: {integrity: sha512-W9pAhw0ja1Edb5GVdIF1mjZw/ASI0AlShXM83UUGe2DVr5TdAPEA1OA8m/g8zWp9x6On7gqufY+FatDbC3MDQg==}

  concat-map@0.0.1:
    resolution: {integrity: sha512-/Srv4dswyQNBfohGpz9o6Yb3Gz3SrUDqBH5rTuhGR7ahtlbYKnVxw2bCFMRljaA7EXHaXZ8wsHdodFvbkhKmqg==}

  csstype@3.1.3:
    resolution: {integrity: sha512-M1uQkMl8rQK/szD0LNhtqxIPLpimGm8sOBwU7lLnCpSbTyY3yeU1Vc7l4KT5zT4s/yOxHH5O7tIuuLOCnLADRw==}

  debug@4.3.4:
    resolution: {integrity: sha512-PRWFHuSU3eDtQJPvnNY7Jcket1j0t5OuOsFzPPzsekD52Zl8qUfFIPEiswXqIvHWGVHOgX+7G/vCNNhehwxfkQ==}
    engines: {node: '>=6.0'}
    peerDependencies:
      supports-color: '*'
    peerDependenciesMeta:
      supports-color:
        optional: true

  electron-to-chromium@1.4.427:
    resolution: {integrity: sha512-HK3r9l+Jm8dYAm1ctXEWIC+hV60zfcjS9UA5BDlYvnI5S7PU/yytjpvSrTNrSSRRkuu3tDyZhdkwIczh+0DWaw==}

  emojis-list@3.0.0:
    resolution: {integrity: sha512-/kyM18EfinwXZbno9FyUGeFh87KC8HRQBQGildHZbEuRyWFOmv1U10o9BBp8XVZDVNNuQKyIGIu5ZYAAXJ0V2Q==}
    engines: {node: '>= 4'}

  enhanced-resolve@5.14.1:
    resolution: {integrity: sha512-Vklwq2vDKtl0y/vtwjSesgJ5MYS7Etuk5txS8VdKL4AOS1aUlD96zqIfsOSLQsdv3xgMRbtkWM8eG9XDfKUPow==}
    engines: {node: '>=10.13.0'}

  entities@4.5.0:
    resolution: {integrity: sha512-V0hjH4dGPh9Ao5p0MoRY6BVqtwCjhz6vI5LT8AJ55H+4g9/4vbHx1I54fS0XuclLhDHArPQCiMjDxjaL8fPxhw==}
    engines: {node: '>=0.12'}

  es-module-lexer@1.2.1:
    resolution: {integrity: sha512-9978wrXM50Y4rTMmW5kXIC09ZdXQZqkE4mxhwkd8VbzsGkXGPgV4zWuqQJgCEzYngdo2dYDa0l8xhX4fkSwJSg==}

  esbuild-android-64@0.15.12:
    resolution: {integrity: sha512-MJKXwvPY9g0rGps0+U65HlTsM1wUs9lbjt5CU19RESqycGFDRijMDQsh68MtbzkqWSRdEtiKS1mtPzKneaAI0Q==}
    engines: {node: '>=12'}
    cpu: [x64]
    os: [android]

  esbuild-android-arm64@0.15.12:
    resolution: {integrity: sha512-Hc9SEcZbIMhhLcvhr1DH+lrrec9SFTiRzfJ7EGSBZiiw994gfkVV6vG0sLWqQQ6DD7V4+OggB+Hn0IRUdDUqvA==}
    engines: {node: '>=12'}
    cpu: [arm64]
    os: [android]

  esbuild-darwin-64@0.15.12:
    resolution: {integrity: sha512-qkmqrTVYPFiePt5qFjP8w/S+GIUMbt6k8qmiPraECUWfPptaPJUGkCKrWEfYFRWB7bY23FV95rhvPyh/KARP8Q==}
    engines: {node: '>=12'}
    cpu: [x64]
    os: [darwin]

  esbuild-darwin-arm64@0.15.12:
    resolution: {integrity: sha512-z4zPX02tQ41kcXMyN3c/GfZpIjKoI/BzHrdKUwhC/Ki5BAhWv59A9M8H+iqaRbwpzYrYidTybBwiZAIWCLJAkw==}
    engines: {node: '>=12'}
    cpu: [arm64]
    os: [darwin]

  esbuild-freebsd-64@0.15.12:
    resolution: {integrity: sha512-XFL7gKMCKXLDiAiBjhLG0XECliXaRLTZh6hsyzqUqPUf/PY4C6EJDTKIeqqPKXaVJ8+fzNek88285krSz1QECw==}
    engines: {node: '>=12'}
    cpu: [x64]
    os: [freebsd]

  esbuild-freebsd-arm64@0.15.12:
    resolution: {integrity: sha512-jwEIu5UCUk6TjiG1X+KQnCGISI+ILnXzIzt9yDVrhjug2fkYzlLbl0K43q96Q3KB66v6N1UFF0r5Ks4Xo7i72g==}
    engines: {node: '>=12'}
    cpu: [arm64]
    os: [freebsd]

  esbuild-linux-32@0.15.12:
    resolution: {integrity: sha512-uSQuSEyF1kVzGzuIr4XM+v7TPKxHjBnLcwv2yPyCz8riV8VUCnO/C4BF3w5dHiVpCd5Z1cebBtZJNlC4anWpwA==}
    engines: {node: '>=12'}
    cpu: [ia32]
    os: [linux]

  esbuild-linux-64@0.15.12:
    resolution: {integrity: sha512-QcgCKb7zfJxqT9o5z9ZUeGH1k8N6iX1Y7VNsEi5F9+HzN1OIx7ESxtQXDN9jbeUSPiRH1n9cw6gFT3H4qbdvcA==}
    engines: {node: '>=12'}
    cpu: [x64]
    os: [linux]

  esbuild-linux-arm64@0.15.12:
    resolution: {integrity: sha512-HtNq5xm8fUpZKwWKS2/YGwSfTF+339L4aIA8yphNKYJckd5hVdhfdl6GM2P3HwLSCORS++++7++//ApEwXEuAQ==}
    engines: {node: '>=12'}
    cpu: [arm64]
    os: [linux]

  esbuild-linux-arm@0.15.12:
    resolution: {integrity: sha512-Wf7T0aNylGcLu7hBnzMvsTfEXdEdJY/hY3u36Vla21aY66xR0MS5I1Hw8nVquXjTN0A6fk/vnr32tkC/C2lb0A==}
    engines: {node: '>=12'}
    cpu: [arm]
    os: [linux]

  esbuild-linux-mips64le@0.15.12:
    resolution: {integrity: sha512-Qol3+AvivngUZkTVFgLpb0H6DT+N5/zM3V1YgTkryPYFeUvuT5JFNDR3ZiS6LxhyF8EE+fiNtzwlPqMDqVcc6A==}
    engines: {node: '>=12'}
    cpu: [mips64el]
    os: [linux]

  esbuild-linux-ppc64le@0.15.12:
    resolution: {integrity: sha512-4D8qUCo+CFKaR0cGXtGyVsOI7w7k93Qxb3KFXWr75An0DHamYzq8lt7TNZKoOq/Gh8c40/aKaxvcZnTgQ0TJNg==}
    engines: {node: '>=12'}
    cpu: [ppc64]
    os: [linux]

  esbuild-linux-riscv64@0.15.12:
    resolution: {integrity: sha512-G9w6NcuuCI6TUUxe6ka0enjZHDnSVK8bO+1qDhMOCtl7Tr78CcZilJj8SGLN00zO5iIlwNRZKHjdMpfFgNn1VA==}
    engines: {node: '>=12'}
    cpu: [riscv64]
    os: [linux]

  esbuild-linux-s390x@0.15.12:
    resolution: {integrity: sha512-Lt6BDnuXbXeqSlVuuUM5z18GkJAZf3ERskGZbAWjrQoi9xbEIsj/hEzVnSAFLtkfLuy2DE4RwTcX02tZFunXww==}
    engines: {node: '>=12'}
    cpu: [s390x]
    os: [linux]

  esbuild-netbsd-64@0.15.12:
    resolution: {integrity: sha512-jlUxCiHO1dsqoURZDQts+HK100o0hXfi4t54MNRMCAqKGAV33JCVvMplLAa2FwviSojT/5ZG5HUfG3gstwAG8w==}
    engines: {node: '>=12'}
    cpu: [x64]
    os: [netbsd]

  esbuild-openbsd-64@0.15.12:
    resolution: {integrity: sha512-1o1uAfRTMIWNOmpf8v7iudND0L6zRBYSH45sofCZywrcf7NcZA+c7aFsS1YryU+yN7aRppTqdUK1PgbZVaB1Dw==}
    engines: {node: '>=12'}
    cpu: [x64]
    os: [openbsd]

  esbuild-sunos-64@0.15.12:
    resolution: {integrity: sha512-nkl251DpoWoBO9Eq9aFdoIt2yYmp4I3kvQjba3jFKlMXuqQ9A4q+JaqdkCouG3DHgAGnzshzaGu6xofGcXyPXg==}
    engines: {node: '>=12'}
    cpu: [x64]
    os: [sunos]

  esbuild-windows-32@0.15.12:
    resolution: {integrity: sha512-WlGeBZHgPC00O08luIp5B2SP4cNCp/PcS+3Pcg31kdcJPopHxLkdCXtadLU9J82LCfw4TVls21A6lilQ9mzHrw==}
    engines: {node: '>=12'}
    cpu: [ia32]
    os: [win32]

  esbuild-windows-64@0.15.12:
    resolution: {integrity: sha512-VActO3WnWZSN//xjSfbiGOSyC+wkZtI8I4KlgrTo5oHJM6z3MZZBCuFaZHd8hzf/W9KPhF0lY8OqlmWC9HO5AA==}
    engines: {node: '>=12'}
    cpu: [x64]
    os: [win32]

  esbuild-windows-arm64@0.15.12:
    resolution: {integrity: sha512-Of3MIacva1OK/m4zCNIvBfz8VVROBmQT+gRX6pFTLPngFYcj6TFH/12VveAqq1k9VB2l28EoVMNMUCcmsfwyuA==}
    engines: {node: '>=12'}
    cpu: [arm64]
    os: [win32]

  esbuild@0.15.12:
    resolution: {integrity: sha512-PcT+/wyDqJQsRVhaE9uX/Oq4XLrFh0ce/bs2TJh4CSaw9xuvI+xFrH2nAYOADbhQjUgAhNWC5LKoUsakm4dxng==}
    engines: {node: '>=12'}
    hasBin: true

  escalade@3.1.1:
    resolution: {integrity: sha512-k0er2gUkLf8O0zKJiAhmkTnJlTvINGv7ygDNPbeIsX/TJjGJZHuh9B2UxbsaEkmlEo9MfhrSzmhIlhRlI2GXnw==}
    engines: {node: '>=6'}

  eslint-scope@5.1.1:
    resolution: {integrity: sha512-2NxwbF/hZ0KpepYN0cNbo+FN6XoK7GaHlQhgx/hIZl6Va0bF45RQOOwhLIy8lQDbuCiadSLCBnH2CFYquit5bw==}
    engines: {node: '>=8.0.0'}

  esrecurse@4.3.0:
    resolution: {integrity: sha512-KmfKL3b6G+RXvP8N1vr3Tq1kL/oCFgn2NYXEtqP8/L3pKapUA4G8cFVaoF3SU323CD4XypR/ffioHmkti6/Tag==}
    engines: {node: '>=4.0'}

  estraverse@4.3.0:
    resolution: {integrity: sha512-39nnKffWz8xN1BU/2c79n9nB9HDzo0niYUqx6xyqUnyoAnQyyWpOTdZEeiCch8BBu515t4wp9ZmgVfVhn9EBpw==}
    engines: {node: '>=4.0'}

  estraverse@5.3.0:
    resolution: {integrity: sha512-MMdARuVEQziNTeJD8DgMqmhwR11BRQ/cBP+pLtYdSTnf3MIO8fFeiINEbX36ZdNlfU/7A9f3gUw49B3oQsvwBA==}
    engines: {node: '>=4.0'}

  estree-walker@2.0.2:
    resolution: {integrity: sha512-Rfkk/Mp/DL7JVje3u18FxFujQlTNR2q6QfMSMB7AvCBx91NGj/ba3kCfza0f6dVDbw7YlRf/nDrn7pQrCCyQ/w==}

  events@3.3.0:
    resolution: {integrity: sha512-mQw+2fkQbALzQ7V0MY0IqdnXNOeTtP4r0lN9z7AAawCXgqea7bDii20AYrIBrFd/Hx0M2Ocz6S111CaFkUcb0Q==}
    engines: {node: '>=0.8.x'}

  fast-deep-equal@3.1.3:
    resolution: {integrity: sha512-f3qQ9oQy9j2AhBe/H9VC91wLmKBCCU/gDOnKNAYG5hswO7BLKj09Hc5HYNz9cGI++xlpDCIgDaitVs03ATR84Q==}

  fast-json-stable-stringify@2.1.0:
    resolution: {integrity: sha512-lhd/wF+Lk98HZoTCtlVraHtfh5XYijIjalXck7saUtuanSDyLMxnHhSXEDJqHxD7msR8D0uCmqlkwjCV8xvwHw==}

  find-cache-dir@3.3.2:
    resolution: {integrity: sha512-wXZV5emFEjrridIgED11OoUKLxiYjAcqot/NJdAkOhlJ+vGzwhOAfcG5OX1jP+S0PcjEn8bdMJv+g2jwQ3Onig==}
    engines: {node: '>=8'}

  find-up@4.1.0:
    resolution: {integrity: sha512-PpOwAdQ/YlXQ2vj8a3h8IipDuYRi3wceVQQGYWxNINccq40Anw7BlsEXCMbt1Zt+OLA6Fq9suIpIWD0OsnISlw==}
    engines: {node: '>=8'}

  fs.realpath@1.0.0:
    resolution: {integrity: sha512-OO0pH2lK6a0hZnAdau5ItzHPI6pUlvI7jMVnxUQRtw4owF2wk8lOSabtGDCTP4Ggrg2MbGnWO9X8K1t4+fGMDw==}

  fsevents@2.3.2:
    resolution: {integrity: sha512-xiqMQR4xAeHTuB9uWm+fFRcIOgKBMiOBP+eXiyT7jsgVCq1bkVygt00oASowB7EdtpOHaaPgKt812P9ab+DDKA==}
    engines: {node: ^8.16.0 || ^10.6.0 || >=11.0.0}
    os: [darwin]

  function-bind@1.1.1:
    resolution: {integrity: sha512-yIovAzMX49sF8Yl58fSCWJ5svSLuaibPxXQJFLmBObTuCr0Mf1KiPopGM9NiFjiYBCbfaa2Fh6breQ6ANVTI0A==}

  glob-to-regexp@0.4.1:
    resolution: {integrity: sha512-lkX1HJXwyMcprw/5YUZc2s7DrpAiHB21/V+E1rHUrVNokkvB6bqMzT0VfV6/86ZNabt1k14YOIaT7nDvOX3Iiw==}

  glob@7.2.3:
    resolution: {integrity: sha512-nFR0zLpU2YCaRxwoCJvL6UvCH2JFyFVIvwTLsIf21AuHlMskA1hhTdk+LlYJtOlYt9v6dvszD2BGRqBL+iQK9Q==}
    deprecated: Glob versions prior to v9 are no longer supported

  graceful-fs@4.2.11:
    resolution: {integrity: sha512-RbJ5/jmFcNNCcDV5o9eTnBLJ/HszWV0P73bc+Ff4nS/rJj+YaS6IGyiOL0VoBYX+l1Wrl3k63h/KrH+nhJ0XvQ==}

  has-flag@4.0.0:
    resolution: {integrity: sha512-EykJT/Q1KjTWctppgIAgfSO0tKVuZUjhgMr17kqTumMl6Afv3EISleU7qZUzoXDFTAHTDC4NOoG/ZxU3EvlMPQ==}
    engines: {node: '>=8'}

  has@1.0.3:
    resolution: {integrity: sha512-f2dvO0VU6Oej7RkWJGrehjbzMAjFp5/VKPp5tTpWIV4JHHZK1/BxbFRtf/siA2SWTe09caDmVtYYzWEIbBS4zw==}
    engines: {node: '>= 0.4.0'}

  inflight@1.0.6:
    resolution: {integrity: sha512-k92I/b08q4wvFscXCLvqfsHCrjrF7yiXsQuIVvVE7N82W3+aqpzuUdBbfhWcy/FZR3/4IgflMgKLOsvPDrGCJA==}
    deprecated: This module is not supported, and leaks memory. Do not use it. Check out lru-cache if you want a good and tested way to coalesce async requests by a key value, which is much more comprehensive and powerful.

  inherits@2.0.4:
    resolution: {integrity: sha512-k/vGaX4/Yla3WzyMCvTQOXYeIHvqOKtnqBduzTHpzpQZzAskKMhZ2K+EnBiSM9zGSoIFeMpXKxa4dYeZIQqewQ==}

  interpret@1.4.0:
    resolution: {integrity: sha512-agE4QfB2Lkp9uICn7BAqoscw4SZP9kTE2hxiFI3jBPmXJfdqiahTbUuKGsMoN2GtqL9AxhYioAcVvgsb1HvRbA==}
    engines: {node: '>= 0.10'}

  is-core-module@2.11.0:
    resolution: {integrity: sha512-RRjxlvLDkD1YJwDbroBHMb+cukurkDWNyHx7D3oNB5x9rb5ogcksMC5wHCadcXoo67gVr/+3GFySh3134zi6rw==}

  jest-worker@27.5.1:
    resolution: {integrity: sha512-7vuh85V5cdDofPyxn58nrPjBktZo0u9x1g8WtjQol+jZDaE+fhN+cIvTj11GndBnMnyfrUOG1sZQxCdjKh+DKg==}
    engines: {node: '>= 10.13.0'}

  json-parse-even-better-errors@2.3.1:
    resolution: {integrity: sha512-xyFwyhro/JEof6Ghe2iz2NcXoj2sloNsWr/XsERDK/oiPCfaNhl5ONfp+jQdAZRQQ0IJWNzH9zIZF7li91kh2w==}

  json-schema-traverse@0.4.1:
    resolution: {integrity: sha512-xbbCH5dCYU5T8LcEhhuh7HJ88HXuW3qsI3Y0zOZFKfZEHcpWiHU/Jxzk629Brsab/mMiHQti9wMP+845RPe3Vg==}

  json5@2.2.3:
    resolution: {integrity: sha512-XmOWe7eyHYH14cLdVPoyg+GOH3rYX++KpzrylJwSW98t3Nk+U8XOl8FWKOgwtzdb8lXGf6zYwDUzeHMWfxasyg==}
    engines: {node: '>=6'}
    hasBin: true

  loader-runner@4.3.0:
    resolution: {integrity: sha512-3R/1M+yS3j5ou80Me59j7F9IMs4PXs3VqRrm0TU3AbKPxlmpoY1TNscJV/oGJXo8qCatFGTfDbY6W6ipGOYXfg==}
    engines: {node: '>=6.11.5'}

  loader-utils@2.0.4:
    resolution: {integrity: sha512-xXqpXoINfFhgua9xiqD8fPFHgkoq1mmmpE92WlDbm9rNRd/EbRb+Gqf908T2DMfuHjjJlksiK2RbHVOdD/MqSw==}
    engines: {node: '>=8.9.0'}

  locate-path@5.0.0:
    resolution: {integrity: sha512-t7hw9pI+WvuwNJXwk5zVHpyhIqzg2qTlklJOf0mVxGSbe3Fp2VieZcduNYjaLDoy6p9uGpQEGWG87WpMKlNq8g==}
    engines: {node: '>=8'}

  lru-cache@6.0.0:
    resolution: {integrity: sha512-Jo6dJ04CmSjuznwJSS3pUeWmd/H0ffTlkXXgwZi+eq1UCmqQwCh+eLsYOYCwY991i2Fah4h1BEMCx4qThGbsiA==}
    engines: {node: '>=10'}

  magic-string@0.30.11:
    resolution: {integrity: sha512-+Wri9p0QHMy+545hKww7YAu5NyzF8iomPL/RQazugQ9+Ez4Ic3mERMd8ZTX5rfK944j+560ZJi8iAwgak1Ac7A==}

  make-dir@3.1.0:
    resolution: {integrity: sha512-g3FeP20LNwhALb/6Cz6Dd4F2ngze0jz7tbzrD2wAV+o9FeNHe4rL+yK2md0J/fiSf1sa1ADhXqi5+oVwOM/eGw==}
    engines: {node: '>=8'}

  material-design-icons-iconfont@6.7.0:
    resolution: {integrity: sha512-lSj71DgVv20kO0kGbs42icDzbRot61gEDBLQACzkUuznRQBUYmbxzEkGU6dNBb5fRWHMaScYlAXX96HQ4/cJWA==}

  merge-stream@2.0.0:
    resolution: {integrity: sha512-abv/qOcuPfk3URPfDzmZU1LKmuw8kT+0nIHvKrKgFrwifol/doWcdA4ZqsWQ8ENrFKkd67Mfpo/LovbIUsbt3w==}

  mime-db@1.52.0:
    resolution: {integrity: sha512-sPU4uV7dYlvtWJxwwxHD0PuihVNiE7TyAbQ5SWxDCB9mUYvOgroQOwYQQOKPJ8CIbE+1ETVlOoK1UC2nU3gYvg==}
    engines: {node: '>= 0.6'}

  mime-types@2.1.35:
    resolution: {integrity: sha512-ZDY+bPm5zTTF+YpCrAU9nK0UgICYPT0QtT1NZWFv4s++TNkcgVaT0g6+4R2uI4MjQjzysHB1zxuWL50hzaeXiw==}
    engines: {node: '>= 0.6'}

  minimatch@3.1.2:
    resolution: {integrity: sha512-J7p63hRiAjw1NDEww1W7i37+ByIrOWO5XQQAzZ3VOcL0PNybwpfmV/N05zFAzwQ9USyEcX6t3UO+K5aqBQOIHw==}

  ms@2.1.2:
    resolution: {integrity: sha512-sGkPx+VjMtmA6MX27oA4FBFELFCZZ4S4XqeGOXCv68tT+jb3vk/RyaKWP0PTKyWtmLSM0b+adUTEvbs1PEaH2w==}

  nanoid@3.3.7:
    resolution: {integrity: sha512-eSRppjcPIatRIMC1U6UngP8XFcz8MQWGQdt1MTBQ7NaAmvXDfvNxbvWV3x2y6CdEUciCSsDHDQZbhYaB8QEo2g==}
    engines: {node: ^10 || ^12 || ^13.7 || ^14 || >=15.0.1}
    hasBin: true

  neo-async@2.6.2:
    resolution: {integrity: sha512-Yd3UES5mWCSqR+qNT93S3UoYUkqAZ9lLg8a7g9rimsWmYGK8cVToA4/sF3RrshdyV3sAGMXVUmpMYOw+dLpOuw==}

  node-releases@2.0.12:
    resolution: {integrity: sha512-QzsYKWhXTWx8h1kIvqfnC++o0pEmpRQA/aenALsL2F4pqNVr7YzcdMlDij5WBnwftRbJCNJL/O7zdKaxKPHqgQ==}

  null-loader@4.0.1:
    resolution: {integrity: sha512-pxqVbi4U6N26lq+LmgIbB5XATP0VdZKOG25DhHi8btMmJJefGArFyDg1yc4U3hWCJbMqSrw0qyrz1UQX+qYXqg==}
    engines: {node: '>= 10.13.0'}
    peerDependencies:
      webpack: ^4.0.0 || ^5.0.0

  once@1.4.0:
    resolution: {integrity: sha512-lNaJgI+2Q5URQBkccEKHTQOPaXdUxnZZElQTZY0MFUAuaEqe1E+Nyvgdz/aIyNi6Z9MzO5dv1H8n58/GELp3+w==}

  p-limit@2.3.0:
    resolution: {integrity: sha512-//88mFWSJx8lxCzwdAABTJL2MyWB12+eIY7MDL2SqLmAkeKU9qxRvWuSyTjm3FUmpBEMuFfckAIqEaVGUDxb6w==}
    engines: {node: '>=6'}

  p-locate@4.1.0:
    resolution: {integrity: sha512-R79ZZ/0wAxKGu3oYMlz8jy/kbhsNrS7SKZ7PxEHBgJ5+F2mtFW2fK2cOtBh1cHYkQsbzFV7I+EoRKe6Yt0oK7A==}
    engines: {node: '>=8'}

  p-try@2.2.0:
    resolution: {integrity: sha512-R4nPAVTAU0B9D35/Gk3uJf/7XYbQcyohSKdvAxIRSNghFl4e71hVoGnBNQz9cWaXxO2I10KTC+3jMdvvoKw6dQ==}
    engines: {node: '>=6'}

  path-exists@4.0.0:
    resolution: {integrity: sha512-ak9Qy5Q7jYb2Wwcey5Fpvg2KoAc/ZIhLSLOSBmRmygPsGwkVVt0fZa0qrtMz+m6tJTAHfZQ8FnmB4MG4LWy7/w==}
    engines: {node: '>=8'}

  path-is-absolute@1.0.1:
    resolution: {integrity: sha512-AVbw3UJ2e9bq64vSaS9Am0fje1Pa8pbGqTTsmXfaIiMpnr5DlDhfJOuLj9Sf95ZPVDAUerDfEk88MPmPe7UCQg==}
    engines: {node: '>=0.10.0'}

  path-parse@1.0.7:
    resolution: {integrity: sha512-LDJzPVEEEPR+y48z93A0Ed0yXb8pAByGWo/k5YYdYgpY2/2EsOsksJrq7lOHxryrVOn1ejG6oAp8ahvOIQD8sw==}

  picocolors@1.1.0:
    resolution: {integrity: sha512-TQ92mBOW0l3LeMeyLV6mzy/kWr8lkd/hp3mTg7wYK7zJhuBStmGMBG0BdeDZS/dZx1IukaX6Bk11zcln25o1Aw==}

  pkg-dir@4.2.0:
    resolution: {integrity: sha512-HRDzbaKjC+AOWVXxAU/x54COGeIv9eb+6CkDSQoNTt4XyWoIJvuPsXizxu/Fr23EiekbtZwmh1IcIG/l/a10GQ==}
    engines: {node: '>=8'}

  postcss@8.4.47:
    resolution: {integrity: sha512-56rxCq7G/XfB4EkXq9Egn5GCqugWvDFjafDOThIdMBsI15iqPqR5r15TfSr1YPYeEI19YeaXMCbY6u88Y76GLQ==}
    engines: {node: ^10 || ^12 || >=14}

  punycode@2.1.1:
    resolution: {integrity: sha512-XRsRjdf+j5ml+y/6GKHPZbrF/8p2Yga0JPtdqTIY2Xe5ohJPD9saDJJLPvp9+NSBprVvevdXZybnj2cv8OEd0A==}
    engines: {node: '>=6'}

  randombytes@2.1.0:
    resolution: {integrity: sha512-vYl3iOX+4CKUWuxGi9Ukhie6fsqXqS9FE2Zaic4tNFD2N2QQaXOMFbuKK4QmDHC0JO6B1Zp41J0LpT0oR68amQ==}

  rechoir@0.6.2:
    resolution: {integrity: sha512-HFM8rkZ+i3zrV+4LQjwQ0W+ez98pApMGM3HUrN04j3CqzPOzl9nmP15Y8YXNm8QHGv/eacOVEjqhmWpkRV0NAw==}
    engines: {node: '>= 0.10'}

  resolve@1.22.1:
    resolution: {integrity: sha512-nBpuuYuY5jFsli/JIs1oldw6fOQCBioohqWZg/2hiaOybXOft4lonv85uDOKXdf8rhyK159cxU5cDcK/NKk8zw==}
    hasBin: true

  roboto-fontface@0.10.0:
    resolution: {integrity: sha512-OlwfYEgA2RdboZohpldlvJ1xngOins5d7ejqnIBWr9KaMxsnBqotpptRXTyfNRLnFpqzX6sTDt+X+a+6udnU8g==}

  rollup@2.79.2:
    resolution: {integrity: sha512-fS6iqSPZDs3dr/y7Od6y5nha8dW1YnbgtsyotCVvoFGKbERG++CVRFv1meyGDE1SNItQA8BrnCw7ScdAhRJ3XQ==}
    engines: {node: '>=10.0.0'}
    hasBin: true

  safe-buffer@5.2.1:
    resolution: {integrity: sha512-rp3So07KcdmmKbGvgaNxQSJr7bGVSVk5S9Eq1F+ppbRo70+YeaDxkw5Dd8NPN+GD6bjnYm2VuPuCXmpuYvmCXQ==}

  schema-utils@3.1.1:
    resolution: {integrity: sha512-Y5PQxS4ITlC+EahLuXaY86TXfR7Dc5lw294alXOq86JAHCihAIZfqv8nNCWvaEJvaC51uN9hbLGeV0cFBdH+Fw==}
    engines: {node: '>= 10.13.0'}

  schema-utils@3.2.0:
    resolution: {integrity: sha512-0zTyLGyDJYd/MBxG1AhJkKa6fpEBds4OQO2ut0w7OYG+ZGhGea09lijvzsqegYSik88zc7cUtIlnnO+/BvD6gQ==}
    engines: {node: '>= 10.13.0'}

  semver@6.3.1:
    resolution: {integrity: sha512-BR7VvDCVHO+q2xBEWskxS6DJE1qRnb7DxzUrogb71CWoSficBxYsiAGd+Kl0mmq/MprG9yArRkyrQxTO6XjMzA==}
    hasBin: true

  semver@7.3.8:
    resolution: {integrity: sha512-NB1ctGL5rlHrPJtFDVIVzTyQylMLu9N9VICA6HSFJo8MCGVTMW6gfpicwKmmK/dAjTOrqu5l63JJOpDSrAis3A==}
    engines: {node: '>=10'}
    hasBin: true

  serialize-javascript@6.0.1:
    resolution: {integrity: sha512-owoXEFjWRllis8/M1Q+Cw5k8ZH40e3zhp/ovX+Xr/vi1qj6QesbyXXViFbpNvWvPNAD62SutwEXavefrLJWj7w==}

  shelljs@0.8.5:
    resolution: {integrity: sha512-TiwcRcrkhHvbrZbnRcFYMLl30Dfov3HKqzp5tO5b4pt6G/SezKcYhmDg15zXVBswHmctSAQKznqNW2LO5tTDow==}
    engines: {node: '>=4'}
    hasBin: true

  source-map-js@1.2.1:
    resolution: {integrity: sha512-UXWMKhLOwVKb728IUtQPXxfYU+usdybtUrK/8uGE8CQMvrhOpwvzDBwj0QhSL7MQc7vIsISBG8VQ8+IDQxpfQA==}
    engines: {node: '>=0.10.0'}

  source-map-support@0.5.21:
    resolution: {integrity: sha512-uBHU3L3czsIyYXKX88fdrGovxdSCoTGDRZ6SYXtSRxLZUzHg5P/66Ht6uoUlHu9EZod+inXhKo3qQgwXUT/y1w==}

  source-map@0.6.1:
    resolution: {integrity: sha512-UjgapumWlbMhkBgzT7Ykc5YXUT46F0iKu8SGXq0bcwP5dz/h0Plj6enJqjz1Zbq2l5WaqYnrVbwWOWMyF3F47g==}
    engines: {node: '>=0.10.0'}

  supports-color@8.1.1:
    resolution: {integrity: sha512-MpUEN2OodtUzxvKQl72cUF7RQ5EiHsGvSsVG0ia9c5RbWGL2CI4C7EpPS8UTBIplnlzZiNuV56w+FuNxy3ty2Q==}
    engines: {node: '>=10'}

  supports-preserve-symlinks-flag@1.0.0:
    resolution: {integrity: sha512-ot0WnXS9fgdkgIcePe6RHNk1WA8+muPa6cSjeR3V8K27q9BB1rTE3R1p7Hv0z1ZyAc8s6Vvv8DIyWf681MAt0w==}
    engines: {node: '>= 0.4'}

  tapable@2.2.1:
    resolution: {integrity: sha512-GNzQvQTOIP6RyTfE2Qxb8ZVlNmw0n88vp1szwWRimP02mnTsx3Wtn5qRdqY9w2XduFNUgvOwhNnQsjwCp+kqaQ==}
    engines: {node: '>=6'}

  terser-webpack-plugin@5.3.9:
    resolution: {integrity: sha512-ZuXsqE07EcggTWQjXUj+Aot/OMcD0bMKGgF63f7UxYcu5/AJF53aIpK1YoP5xR9l6s/Hy2b+t1AM0bLNPRuhwA==}
    engines: {node: '>= 10.13.0'}
    peerDependencies:
      '@swc/core': '*'
      esbuild: '*'
      uglify-js: '*'
      webpack: ^5.1.0
    peerDependenciesMeta:
      '@swc/core':
        optional: true
      esbuild:
        optional: true
      uglify-js:
        optional: true

  terser@5.17.7:
    resolution: {integrity: sha512-/bi0Zm2C6VAexlGgLlVxA0P2lru/sdLyfCVaRMfKVo9nWxbmz7f/sD8VPybPeSUJaJcwmCJis9pBIhcVcG1QcQ==}
    engines: {node: '>=10'}
    hasBin: true

  to-fast-properties@2.0.0:
    resolution: {integrity: sha512-/OaKK0xYrs3DmxRYqL/yDc+FxFUVYhDlXMhRmv3z915w2HF1tnN1omB354j8VUGO/hbRzyD6Y3sA7v7GS/ceog==}
    engines: {node: '>=4'}

  upath@2.0.1:
    resolution: {integrity: sha512-1uEe95xksV1O0CYKXo8vQvN1JEbtJp7lb7C5U9HMsIp6IVwntkH/oNUzyVNQSd4S1sYk2FpSSW44FqMc8qee5w==}
    engines: {node: '>=4'}

  update-browserslist-db@1.0.11:
    resolution: {integrity: sha512-dCwEFf0/oT85M1fHBg4F0jtLwJrutGoHSQXCh7u4o2t1drG+c0a9Flnqww6XUKSfQMPpJBRjU8d4RXB09qtvaA==}
    hasBin: true
    peerDependencies:
      browserslist: '>= 4.21.0'

  uri-js@4.4.1:
    resolution: {integrity: sha512-7rKUyy33Q1yc98pQ1DAmLtwX109F7TIfWlW1Ydo8Wl1ii1SeHieeh0HHfPeL2fMXK6z0s8ecKs9frCuLJvndBg==}

  vite-plugin-vuetify@1.0.2:
    resolution: {integrity: sha512-MubIcKD33O8wtgQXlbEXE7ccTEpHZ8nPpe77y9Wy3my2MWw/PgehP9VqTp92BLqr0R1dSL970Lynvisx3UxBFw==}
    engines: {node: '>=12'}
    peerDependencies:
      vite: ^2.7.0 || ^3.0.0 || ^4.0.0
      vue: ^3.0.0
      vuetify: ^3.0.0-beta.4

  vite@3.2.11:
    resolution: {integrity: sha512-K/jGKL/PgbIgKCiJo5QbASQhFiV02X9Jh+Qq0AKCRCRKZtOTVi4t6wh75FDpGf2N9rYOnzH87OEFQNaFy6pdxQ==}
    engines: {node: ^14.18.0 || >=16.0.0}
    hasBin: true
    peerDependencies:
      '@types/node': '>= 14'
      less: '*'
      sass: '*'
      stylus: '*'
      sugarss: '*'
      terser: ^5.4.0
    peerDependenciesMeta:
      '@types/node':
        optional: true
      less:
        optional: true
      sass:
        optional: true
      stylus:
        optional: true
      sugarss:
        optional: true
      terser:
        optional: true

  vue-cli-plugin-vuetify@2.5.8:
    resolution: {integrity: sha512-uqi0/URJETJBbWlQHD1l0pnY7JN8Ytu+AL1fw50HFlGByPa8/xx+mq19GkFXA9FcwFT01IqEc/TkxMPugchomg==}
    peerDependencies:
      sass-loader: '*'
      vue: '*'
      vuetify-loader: '*'
      webpack: ^4.0.0 || ^5.0.0
    peerDependenciesMeta:
      sass-loader:
        optional: true
      vuetify-loader:
        optional: true

  vue@3.5.12:
    resolution: {integrity: sha512-CLVZtXtn2ItBIi/zHZ0Sg1Xkb7+PU32bJJ8Bmy7ts3jxXTcbfsEfBivFYYWz1Hur+lalqGAh65Coin0r+HRUfg==}
    peerDependencies:
      typescript: '*'
    peerDependenciesMeta:
      typescript:
        optional: true

  vuetify@3.7.4:
    resolution: {integrity: sha512-Y8UU5wUDQXC3oz2uumPb8IOdvB4XMCxtxnmqdOc+LihNuPlkSgxIwf92ndRzbOtJFKHsggFUxpyLqpQp+A+5kg==}
    engines: {node: ^12.20 || >=14.13}
    peerDependencies:
      typescript: '>=4.7'
      vite-plugin-vuetify: '>=1.0.0'
      vue: ^3.3.0
      webpack-plugin-vuetify: '>=2.0.0'
    peerDependenciesMeta:
      typescript:
        optional: true
      vite-plugin-vuetify:
        optional: true
      webpack-plugin-vuetify:
        optional: true

  watchpack@2.4.0:
    resolution: {integrity: sha512-Lcvm7MGST/4fup+ifyKi2hjyIAwcdI4HRgtvTpIUxBRhB+RFtUh8XtDOxUfctVCnhVi+QQj49i91OyvzkJl6cg==}
    engines: {node: '>=10.13.0'}

  webfontloader@1.6.28:
    resolution: {integrity: sha512-Egb0oFEga6f+nSgasH3E0M405Pzn6y3/9tOVanv/DLfa1YBIgcv90L18YyWnvXkRbIM17v5Kv6IT2N6g1x5tvQ==}

  webpack-sources@3.2.3:
    resolution: {integrity: sha512-/DyMEOrDgLKKIG0fmvtz+4dUX/3Ghozwgm6iPp8KRhvn+eQf9+Q7GWxVNMk3+uCPWfdXYC4ExGBckIXdFEfH1w==}
    engines: {node: '>=10.13.0'}

  webpack@5.86.0:
    resolution: {integrity: sha512-3BOvworZ8SO/D4GVP+GoRC3fVeg5MO4vzmq8TJJEkdmopxyazGDxN8ClqN12uzrZW9Tv8EED8v5VSb6Sqyi0pg==}
    engines: {node: '>=10.13.0'}
    hasBin: true
    peerDependencies:
      webpack-cli: '*'
    peerDependenciesMeta:
      webpack-cli:
        optional: true

  wrappy@1.0.2:
    resolution: {integrity: sha512-l4Sp/DRseor9wL6EvV2+TuQn63dMkPjZ/sp9XkghTEbV9KlPS1xUsZ3u7/IQO4wxtcFB4bgpQPRcR3QCvezPcQ==}

  yallist@4.0.0:
    resolution: {integrity: sha512-3wdGidZyq5PB084XLES5TpOSRA3wjXAlIWMhum2kRcv/41Sn2emQ0dycQW4uZXLejwKvg6EsvbdlVL+FYEct7A==}

snapshots:

  '@babel/helper-string-parser@7.24.8': {}

  '@babel/helper-validator-identifier@7.24.7': {}

  '@babel/parser@7.25.6':
    dependencies:
      '@babel/types': 7.25.6

  '@babel/types@7.25.6':
    dependencies:
      '@babel/helper-string-parser': 7.24.8
      '@babel/helper-validator-identifier': 7.24.7
      to-fast-properties: 2.0.0

  '@esbuild/android-arm@0.15.12':
    optional: true

  '@esbuild/linux-loong64@0.15.12':
    optional: true

  '@jridgewell/gen-mapping@0.3.3':
    dependencies:
      '@jridgewell/set-array': 1.1.2
      '@jridgewell/sourcemap-codec': 1.5.0
      '@jridgewell/trace-mapping': 0.3.18

  '@jridgewell/resolve-uri@3.1.0': {}

  '@jridgewell/set-array@1.1.2': {}

  '@jridgewell/source-map@0.3.3':
    dependencies:
      '@jridgewell/gen-mapping': 0.3.3
      '@jridgewell/trace-mapping': 0.3.18

  '@jridgewell/sourcemap-codec@1.4.14': {}

  '@jridgewell/sourcemap-codec@1.5.0': {}

  '@jridgewell/trace-mapping@0.3.18':
    dependencies:
      '@jridgewell/resolve-uri': 3.1.0
      '@jridgewell/sourcemap-codec': 1.4.14

  '@mdi/font@7.4.47': {}

  '@types/eslint-scope@3.7.4':
    dependencies:
      '@types/eslint': 8.40.1
      '@types/estree': 1.0.1

  '@types/eslint@8.40.1':
    dependencies:
      '@types/estree': 1.0.1
      '@types/json-schema': 7.0.11

  '@types/estree@1.0.1': {}

  '@types/json-schema@7.0.11': {}

  '@types/node@20.2.6': {}

  '@vitejs/plugin-vue@3.2.0(vite@3.2.11(@types/node@20.2.6)(terser@5.17.7))(vue@3.5.12)':
    dependencies:
      vite: 3.2.11(@types/node@20.2.6)(terser@5.17.7)
      vue: 3.5.12

  '@vue/compiler-core@3.5.12':
    dependencies:
      '@babel/parser': 7.25.6
      '@vue/shared': 3.5.12
      entities: 4.5.0
      estree-walker: 2.0.2
      source-map-js: 1.2.1

  '@vue/compiler-dom@3.5.12':
    dependencies:
      '@vue/compiler-core': 3.5.12
      '@vue/shared': 3.5.12

  '@vue/compiler-sfc@3.5.12':
    dependencies:
      '@babel/parser': 7.25.6
      '@vue/compiler-core': 3.5.12
      '@vue/compiler-dom': 3.5.12
      '@vue/compiler-ssr': 3.5.12
      '@vue/shared': 3.5.12
      estree-walker: 2.0.2
      magic-string: 0.30.11
      postcss: 8.4.47
      source-map-js: 1.2.1

  '@vue/compiler-ssr@3.5.12':
    dependencies:
      '@vue/compiler-dom': 3.5.12
      '@vue/shared': 3.5.12

  '@vue/reactivity@3.5.12':
    dependencies:
      '@vue/shared': 3.5.12

  '@vue/runtime-core@3.5.12':
    dependencies:
      '@vue/reactivity': 3.5.12
      '@vue/shared': 3.5.12

  '@vue/runtime-dom@3.5.12':
    dependencies:
      '@vue/reactivity': 3.5.12
      '@vue/runtime-core': 3.5.12
      '@vue/shared': 3.5.12
      csstype: 3.1.3

  '@vue/server-renderer@3.5.12(vue@3.5.12)':
    dependencies:
      '@vue/compiler-ssr': 3.5.12
      '@vue/shared': 3.5.12
      vue: 3.5.12

  '@vue/shared@3.5.12': {}

  '@vuetify/loader-shared@1.7.1(vue@3.5.12)(vuetify@3.7.4(vite-plugin-vuetify@1.0.2)(vue@3.5.12))':
    dependencies:
      find-cache-dir: 3.3.2
      upath: 2.0.1
      vue: 3.5.12
      vuetify: 3.7.4(vite-plugin-vuetify@1.0.2)(vue@3.5.12)

  '@webassemblyjs/ast@1.11.6':
    dependencies:
      '@webassemblyjs/helper-numbers': 1.11.6
      '@webassemblyjs/helper-wasm-bytecode': 1.11.6

  '@webassemblyjs/floating-point-hex-parser@1.11.6': {}

  '@webassemblyjs/helper-api-error@1.11.6': {}

  '@webassemblyjs/helper-buffer@1.11.6': {}

  '@webassemblyjs/helper-numbers@1.11.6':
    dependencies:
      '@webassemblyjs/floating-point-hex-parser': 1.11.6
      '@webassemblyjs/helper-api-error': 1.11.6
      '@xtuc/long': 4.2.2

  '@webassemblyjs/helper-wasm-bytecode@1.11.6': {}

  '@webassemblyjs/helper-wasm-section@1.11.6':
    dependencies:
      '@webassemblyjs/ast': 1.11.6
      '@webassemblyjs/helper-buffer': 1.11.6
      '@webassemblyjs/helper-wasm-bytecode': 1.11.6
      '@webassemblyjs/wasm-gen': 1.11.6

  '@webassemblyjs/ieee754@1.11.6':
    dependencies:
      '@xtuc/ieee754': 1.2.0

  '@webassemblyjs/leb128@1.11.6':
    dependencies:
      '@xtuc/long': 4.2.2

  '@webassemblyjs/utf8@1.11.6': {}

  '@webassemblyjs/wasm-edit@1.11.6':
    dependencies:
      '@webassemblyjs/ast': 1.11.6
      '@webassemblyjs/helper-buffer': 1.11.6
      '@webassemblyjs/helper-wasm-bytecode': 1.11.6
      '@webassemblyjs/helper-wasm-section': 1.11.6
      '@webassemblyjs/wasm-gen': 1.11.6
      '@webassemblyjs/wasm-opt': 1.11.6
      '@webassemblyjs/wasm-parser': 1.11.6
      '@webassemblyjs/wast-printer': 1.11.6

  '@webassemblyjs/wasm-gen@1.11.6':
    dependencies:
      '@webassemblyjs/ast': 1.11.6
      '@webassemblyjs/helper-wasm-bytecode': 1.11.6
      '@webassemblyjs/ieee754': 1.11.6
      '@webassemblyjs/leb128': 1.11.6
      '@webassemblyjs/utf8': 1.11.6

  '@webassemblyjs/wasm-opt@1.11.6':
    dependencies:
      '@webassemblyjs/ast': 1.11.6
      '@webassemblyjs/helper-buffer': 1.11.6
      '@webassemblyjs/wasm-gen': 1.11.6
      '@webassemblyjs/wasm-parser': 1.11.6

  '@webassemblyjs/wasm-parser@1.11.6':
    dependencies:
      '@webassemblyjs/ast': 1.11.6
      '@webassemblyjs/helper-api-error': 1.11.6
      '@webassemblyjs/helper-wasm-bytecode': 1.11.6
      '@webassemblyjs/ieee754': 1.11.6
      '@webassemblyjs/leb128': 1.11.6
      '@webassemblyjs/utf8': 1.11.6

  '@webassemblyjs/wast-printer@1.11.6':
    dependencies:
      '@webassemblyjs/ast': 1.11.6
      '@xtuc/long': 4.2.2

  '@xtuc/ieee754@1.2.0': {}

  '@xtuc/long@4.2.2': {}

  acorn-import-assertions@1.9.0(acorn@8.8.2):
    dependencies:
      acorn: 8.8.2

  acorn@8.8.2: {}

  ajv-keywords@3.5.2(ajv@6.12.6):
    dependencies:
      ajv: 6.12.6

  ajv@6.12.6:
    dependencies:
      fast-deep-equal: 3.1.3
      fast-json-stable-stringify: 2.1.0
      json-schema-traverse: 0.4.1
      uri-js: 4.4.1

  balanced-match@1.0.2: {}

  big.js@5.2.2: {}

  brace-expansion@1.1.11:
    dependencies:
      balanced-match: 1.0.2
      concat-map: 0.0.1

  browserslist@4.21.7:
    dependencies:
      caniuse-lite: 1.0.30001498
      electron-to-chromium: 1.4.427
      node-releases: 2.0.12
      update-browserslist-db: 1.0.11(browserslist@4.21.7)

  buffer-from@1.1.2: {}

  caniuse-lite@1.0.30001498: {}

  chrome-trace-event@1.0.3: {}

  commander@2.20.3: {}

  commondir@1.0.1: {}

  concat-map@0.0.1: {}

  csstype@3.1.3: {}

  debug@4.3.4:
    dependencies:
      ms: 2.1.2

  electron-to-chromium@1.4.427: {}

  emojis-list@3.0.0: {}

  enhanced-resolve@5.14.1:
    dependencies:
      graceful-fs: 4.2.11
      tapable: 2.2.1

  entities@4.5.0: {}

  es-module-lexer@1.2.1: {}

  esbuild-android-64@0.15.12:
    optional: true

  esbuild-android-arm64@0.15.12:
    optional: true

  esbuild-darwin-64@0.15.12:
    optional: true

  esbuild-darwin-arm64@0.15.12:
    optional: true

  esbuild-freebsd-64@0.15.12:
    optional: true

  esbuild-freebsd-arm64@0.15.12:
    optional: true

  esbuild-linux-32@0.15.12:
    optional: true

  esbuild-linux-64@0.15.12:
    optional: true

  esbuild-linux-arm64@0.15.12:
    optional: true

  esbuild-linux-arm@0.15.12:
    optional: true

  esbuild-linux-mips64le@0.15.12:
    optional: true

  esbuild-linux-ppc64le@0.15.12:
    optional: true

  esbuild-linux-riscv64@0.15.12:
    optional: true

  esbuild-linux-s390x@0.15.12:
    optional: true

  esbuild-netbsd-64@0.15.12:
    optional: true

  esbuild-openbsd-64@0.15.12:
    optional: true

  esbuild-sunos-64@0.15.12:
    optional: true

  esbuild-windows-32@0.15.12:
    optional: true

  esbuild-windows-64@0.15.12:
    optional: true

  esbuild-windows-arm64@0.15.12:
    optional: true

  esbuild@0.15.12:
    optionalDependencies:
      '@esbuild/android-arm': 0.15.12
      '@esbuild/linux-loong64': 0.15.12
      esbuild-android-64: 0.15.12
      esbuild-android-arm64: 0.15.12
      esbuild-darwin-64: 0.15.12
      esbuild-darwin-arm64: 0.15.12
      esbuild-freebsd-64: 0.15.12
      esbuild-freebsd-arm64: 0.15.12
      esbuild-linux-32: 0.15.12
      esbuild-linux-64: 0.15.12
      esbuild-linux-arm: 0.15.12
      esbuild-linux-arm64: 0.15.12
      esbuild-linux-mips64le: 0.15.12
      esbuild-linux-ppc64le: 0.15.12
      esbuild-linux-riscv64: 0.15.12
      esbuild-linux-s390x: 0.15.12
      esbuild-netbsd-64: 0.15.12
      esbuild-openbsd-64: 0.15.12
      esbuild-sunos-64: 0.15.12
      esbuild-windows-32: 0.15.12
      esbuild-windows-64: 0.15.12
      esbuild-windows-arm64: 0.15.12

  escalade@3.1.1: {}

  eslint-scope@5.1.1:
    dependencies:
      esrecurse: 4.3.0
      estraverse: 4.3.0

  esrecurse@4.3.0:
    dependencies:
      estraverse: 5.3.0

  estraverse@4.3.0: {}

  estraverse@5.3.0: {}

  estree-walker@2.0.2: {}

  events@3.3.0: {}

  fast-deep-equal@3.1.3: {}

  fast-json-stable-stringify@2.1.0: {}

  find-cache-dir@3.3.2:
    dependencies:
      commondir: 1.0.1
      make-dir: 3.1.0
      pkg-dir: 4.2.0

  find-up@4.1.0:
    dependencies:
      locate-path: 5.0.0
      path-exists: 4.0.0

  fs.realpath@1.0.0: {}

  fsevents@2.3.2:
    optional: true

  function-bind@1.1.1: {}

  glob-to-regexp@0.4.1: {}

  glob@7.2.3:
    dependencies:
      fs.realpath: 1.0.0
      inflight: 1.0.6
      inherits: 2.0.4
      minimatch: 3.1.2
      once: 1.4.0
      path-is-absolute: 1.0.1

  graceful-fs@4.2.11: {}

  has-flag@4.0.0: {}

  has@1.0.3:
    dependencies:
      function-bind: 1.1.1

  inflight@1.0.6:
    dependencies:
      once: 1.4.0
      wrappy: 1.0.2

  inherits@2.0.4: {}

  interpret@1.4.0: {}

  is-core-module@2.11.0:
    dependencies:
      has: 1.0.3

  jest-worker@27.5.1:
    dependencies:
      '@types/node': 20.2.6
      merge-stream: 2.0.0
      supports-color: 8.1.1

  json-parse-even-better-errors@2.3.1: {}

  json-schema-traverse@0.4.1: {}

  json5@2.2.3: {}

  loader-runner@4.3.0: {}

  loader-utils@2.0.4:
    dependencies:
      big.js: 5.2.2
      emojis-list: 3.0.0
      json5: 2.2.3

  locate-path@5.0.0:
    dependencies:
      p-locate: 4.1.0

  lru-cache@6.0.0:
    dependencies:
      yallist: 4.0.0

  magic-string@0.30.11:
    dependencies:
      '@jridgewell/sourcemap-codec': 1.5.0

  make-dir@3.1.0:
    dependencies:
      semver: 6.3.1

  material-design-icons-iconfont@6.7.0: {}

  merge-stream@2.0.0: {}

  mime-db@1.52.0: {}

  mime-types@2.1.35:
    dependencies:
      mime-db: 1.52.0

  minimatch@3.1.2:
    dependencies:
      brace-expansion: 1.1.11

  ms@2.1.2: {}

  nanoid@3.3.7: {}

  neo-async@2.6.2: {}

  node-releases@2.0.12: {}

  null-loader@4.0.1(webpack@5.86.0):
    dependencies:
      loader-utils: 2.0.4
      schema-utils: 3.1.1
      webpack: 5.86.0

  once@1.4.0:
    dependencies:
      wrappy: 1.0.2

  p-limit@2.3.0:
    dependencies:
      p-try: 2.2.0

  p-locate@4.1.0:
    dependencies:
      p-limit: 2.3.0

  p-try@2.2.0: {}

  path-exists@4.0.0: {}

  path-is-absolute@1.0.1: {}

  path-parse@1.0.7: {}

  picocolors@1.1.0: {}

  pkg-dir@4.2.0:
    dependencies:
      find-up: 4.1.0

  postcss@8.4.47:
    dependencies:
      nanoid: 3.3.7
      picocolors: 1.1.0
      source-map-js: 1.2.1

  punycode@2.1.1: {}

  randombytes@2.1.0:
    dependencies:
      safe-buffer: 5.2.1

  rechoir@0.6.2:
    dependencies:
      resolve: 1.22.1

  resolve@1.22.1:
    dependencies:
      is-core-module: 2.11.0
      path-parse: 1.0.7
      supports-preserve-symlinks-flag: 1.0.0

  roboto-fontface@0.10.0: {}

  rollup@2.79.2:
    optionalDependencies:
      fsevents: 2.3.2

  safe-buffer@5.2.1: {}

  schema-utils@3.1.1:
    dependencies:
      '@types/json-schema': 7.0.11
      ajv: 6.12.6
      ajv-keywords: 3.5.2(ajv@6.12.6)

  schema-utils@3.2.0:
    dependencies:
      '@types/json-schema': 7.0.11
      ajv: 6.12.6
      ajv-keywords: 3.5.2(ajv@6.12.6)

  semver@6.3.1: {}

  semver@7.3.8:
    dependencies:
      lru-cache: 6.0.0

  serialize-javascript@6.0.1:
    dependencies:
      randombytes: 2.1.0

  shelljs@0.8.5:
    dependencies:
      glob: 7.2.3
      interpret: 1.4.0
      rechoir: 0.6.2

  source-map-js@1.2.1: {}

  source-map-support@0.5.21:
    dependencies:
      buffer-from: 1.1.2
      source-map: 0.6.1

  source-map@0.6.1: {}

  supports-color@8.1.1:
    dependencies:
      has-flag: 4.0.0

  supports-preserve-symlinks-flag@1.0.0: {}

  tapable@2.2.1: {}

  terser-webpack-plugin@5.3.9(webpack@5.86.0):
    dependencies:
      '@jridgewell/trace-mapping': 0.3.18
      jest-worker: 27.5.1
      schema-utils: 3.2.0
      serialize-javascript: 6.0.1
      terser: 5.17.7
      webpack: 5.86.0

  terser@5.17.7:
    dependencies:
      '@jridgewell/source-map': 0.3.3
      acorn: 8.8.2
      commander: 2.20.3
      source-map-support: 0.5.21

  to-fast-properties@2.0.0: {}

  upath@2.0.1: {}

  update-browserslist-db@1.0.11(browserslist@4.21.7):
    dependencies:
      browserslist: 4.21.7
      escalade: 3.1.1
      picocolors: 1.1.0

  uri-js@4.4.1:
    dependencies:
      punycode: 2.1.1

  vite-plugin-vuetify@1.0.2(vite@3.2.11(@types/node@20.2.6)(terser@5.17.7))(vue@3.5.12)(vuetify@3.7.4):
    dependencies:
      '@vuetify/loader-shared': 1.7.1(vue@3.5.12)(vuetify@3.7.4(vite-plugin-vuetify@1.0.2)(vue@3.5.12))
      debug: 4.3.4
      upath: 2.0.1
      vite: 3.2.11(@types/node@20.2.6)(terser@5.17.7)
      vue: 3.5.12
      vuetify: 3.7.4(vite-plugin-vuetify@1.0.2)(vue@3.5.12)
    transitivePeerDependencies:
      - supports-color

  vite@3.2.11(@types/node@20.2.6)(terser@5.17.7):
    dependencies:
      esbuild: 0.15.12
      postcss: 8.4.47
      resolve: 1.22.1
      rollup: 2.79.2
    optionalDependencies:
      '@types/node': 20.2.6
      fsevents: 2.3.2
      terser: 5.17.7

  vue-cli-plugin-vuetify@2.5.8(vue@3.5.12)(webpack@5.86.0):
    dependencies:
      null-loader: 4.0.1(webpack@5.86.0)
      semver: 7.3.8
      shelljs: 0.8.5
      vue: 3.5.12
      webpack: 5.86.0

  vue@3.5.12:
    dependencies:
      '@vue/compiler-dom': 3.5.12
      '@vue/compiler-sfc': 3.5.12
      '@vue/runtime-dom': 3.5.12
      '@vue/server-renderer': 3.5.12(vue@3.5.12)
      '@vue/shared': 3.5.12

  vuetify@3.7.4(vite-plugin-vuetify@1.0.2)(vue@3.5.12):
    dependencies:
      vue: 3.5.12
    optionalDependencies:
      vite-plugin-vuetify: 1.0.2(vite@3.2.11(@types/node@20.2.6)(terser@5.17.7))(vue@3.5.12)(vuetify@3.7.4)

  watchpack@2.4.0:
    dependencies:
      glob-to-regexp: 0.4.1
      graceful-fs: 4.2.11

  webfontloader@1.6.28: {}

  webpack-sources@3.2.3: {}

  webpack@5.86.0:
    dependencies:
      '@types/eslint-scope': 3.7.4
      '@types/estree': 1.0.1
      '@webassemblyjs/ast': 1.11.6
      '@webassemblyjs/wasm-edit': 1.11.6
      '@webassemblyjs/wasm-parser': 1.11.6
      acorn: 8.8.2
      acorn-import-assertions: 1.9.0(acorn@8.8.2)
      browserslist: 4.21.7
      chrome-trace-event: 1.0.3
      enhanced-resolve: 5.14.1
      es-module-lexer: 1.2.1
      eslint-scope: 5.1.1
      events: 3.3.0
      glob-to-regexp: 0.4.1
      graceful-fs: 4.2.11
      json-parse-even-better-errors: 2.3.1
      loader-runner: 4.3.0
      mime-types: 2.1.35
      neo-async: 2.6.2
      schema-utils: 3.2.0
      tapable: 2.2.1
      terser-webpack-plugin: 5.3.9(webpack@5.86.0)
      watchpack: 2.4.0
      webpack-sources: 3.2.3
    transitivePeerDependencies:
      - '@swc/core'
      - esbuild
      - uglify-js

  wrappy@1.0.2: {}

  yallist@4.0.0: {}
